
Microsoft Visual Studio Solution File, Format Version 12.00
# Visual Studio Version 17
VisualStudioVersion = 17.7.34221.43
MinimumVisualStudioVersion = 10.0.40219.1
Project("{FAE04EC0-301F-11D3-BF4B-00C04F79EFBC}") = "TECNOCLUBB", "TECNOCLUBB\TECNOCLUBB.csproj", "{B7A7AF85-06B8-4F31-AFCE-67F00F29A2B2}"
EndProject
Global
	GlobalSection(SolutionConfigurationPlatforms) = preSolution
		Debug|Any CPU = Debug|Any CPU
		Release|Any CPU = Release|Any CPU
	EndGlobalSection
	GlobalSection(ProjectConfigurationPlatforms) = postSolution
		{B7A7AF85-06B8-4F31-AFCE-67F00F29A2B2}.Debug|Any CPU.ActiveCfg = Debug|Any CPU
		{B7A7AF85-06B8-4F31-AFCE-67F00F29A2B2}.Debug|Any CPU.Build.0 = Debug|Any CPU
		{B7A7AF85-06B8-4F31-AFCE-67F00F29A2B2}.Release|Any CPU.ActiveCfg = Release|Any CPU
		{B7A7AF85-06B8-4F31-AFCE-67F00F29A2B2}.Release|Any CPU.Build.0 = Release|Any CPU
	EndGlobalSection
	GlobalSection(SolutionProperties) = preSolution
		HideSolutionNode = FALSE
	EndGlobalSection
	GlobalSection(ExtensibilityGlobals) = postSolution
		SolutionGuid = {F6405EF8-D9AB-48AF-A0D1-3EAF92B57076}
	EndGlobalSection
EndGlobal
